
Microsoft Visual Studio Solution File, Format Version 12.00
# Visual Studio 15
VisualStudioVersion = 15.0.27130.2024
MinimumVisualStudioVersion = 10.0.40219.1
Project("{FAE04EC0-301F-11D3-BF4B-00C04F79EFBC}") = "AuthServer", "AuthServer\AuthServer.csproj", "{C8BC6CDB-CEF0-44D0-BE18-61AAB9CE0FE8}"
EndProject
Global
	GlobalSection(SolutionConfigurationPlatforms) = preSolution
		Debug|Any CPU = Debug|Any CPU
		Release|Any CPU = Release|Any CPU
	EndGlobalSection
	GlobalSection(ProjectConfigurationPlatforms) = postSolution
		{C8BC6CDB-CEF0-44D0-BE18-61AAB9CE0FE8}.Debug|Any CPU.ActiveCfg = Debug|Any CPU
		{C8BC6CDB-CEF0-44D0-BE18-61AAB9CE0FE8}.Debug|Any CPU.Build.0 = Debug|Any CPU
		{C8BC6CDB-CEF0-44D0-BE18-61AAB9CE0FE8}.Release|Any CPU.ActiveCfg = Release|Any CPU
		{C8BC6CDB-CEF0-44D0-BE18-61AAB9CE0FE8}.Release|Any CPU.Build.0 = Release|Any CPU
	EndGlobalSection
	GlobalSection(SolutionProperties) = preSolution
		HideSolutionNode = FALSE
	EndGlobalSection
	GlobalSection(ExtensibilityGlobals) = postSolution
		SolutionGuid = {34E8E894-4CE5-423E-BAB1-9B222FEE2F82}
	EndGlobalSection
EndGlobal
